
Microsoft Visual Studio Solution File, Format Version 11.00
# Visual Studio 2010
Project("{FAE04EC0-301F-11D3-BF4B-00C04F79EFBC}") = "TmatArt", "TmatArt\TmatArt.csproj", "{0AF63EA8-112C-4C6E-89E6-1EDCAB831A3E}"
EndProject
Global
	GlobalSection(SolutionConfigurationPlatforms) = preSolution
		Debug|x86 = Debug|x86
		Release|x86 = Release|x86
	EndGlobalSection
	GlobalSection(ProjectConfigurationPlatforms) = postSolution
		{0AF63EA8-112C-4C6E-89E6-1EDCAB831A3E}.Debug|x86.ActiveCfg = Debug|x86
		{0AF63EA8-112C-4C6E-89E6-1EDCAB831A3E}.Debug|x86.Build.0 = Debug|x86
		{0AF63EA8-112C-4C6E-89E6-1EDCAB831A3E}.Release|x86.ActiveCfg = Release|x86
		{0AF63EA8-112C-4C6E-89E6-1EDCAB831A3E}.Release|x86.Build.0 = Release|x86
	EndGlobalSection
	GlobalSection(MonoDevelopProperties) = preSolution
		StartupItem = TmatArt\TmatArt.csproj
	EndGlobalSection
EndGlobal
